// !$*UTF8*$!
{
	archiveVersion = 1;
	classes = {
	};
	objectVersion = 60;
	objects = {

/* Begin PBXBuildFile section */
		100000000000000000000001 /* VirtualShiftApp.swift in Sources */ = {isa = PBXBuildFile; fileRef = 200000000000000000000001 /* VirtualShiftApp.swift */; };
		100000000000000000000002 /* ContentView.swift in Sources */ = {isa = PBXBuildFile; fileRef = 200000000000000000000002 /* ContentView.swift */; };
		100000000000000000000003 /* KickrBluetoothManager.swift in Sources */ = {isa = PBXBuildFile; fileRef = 200000000000000000000003 /* KickrBluetoothManager.swift */; };
		100000000000000000000004 /* VirtualShiftCore in Frameworks */ = {isa = PBXBuildFile; productRef = 900000000000000000000001 /* VirtualShiftCore */; };
		100000000000000000000005 /* ClickBluetoothManager.swift in Sources */ = {isa = PBXBuildFile; fileRef = 200000000000000000000006 /* ClickBluetoothManager.swift */; };
		100000000000000000000006 /* ClickProofView.swift in Sources */ = {isa = PBXBuildFile; fileRef = 200000000000000000000007 /* ClickProofView.swift */; };
		100000000000000000000007 /* ShiftSoundPlayer.swift in Sources */ = {isa = PBXBuildFile; fileRef = 200000000000000000000008 /* ShiftSoundPlayer.swift */; };
		100000000000000000000008 /* VirtualShiftApp.swift in Sources */ = {isa = PBXBuildFile; fileRef = 200000000000000000000009 /* VirtualShiftApp.swift */; };
		100000000000000000000009 /* VirtualShiftHomeView.swift in Sources */ = {isa = PBXBuildFile; fileRef = 20000000000000000000000A /* VirtualShiftHomeView.swift */; };
		10000000000000000000000A /* RideAppProbeManager.swift in Sources */ = {isa = PBXBuildFile; fileRef = 20000000000000000000000D /* RideAppProbeManager.swift */; };
		10000000000000000000000B /* RideAppProbeView.swift in Sources */ = {isa = PBXBuildFile; fileRef = 20000000000000000000000E /* RideAppProbeView.swift */; };
		10000000000000000000000C /* KickrFTMSProbeManager.swift in Sources */ = {isa = PBXBuildFile; fileRef = 20000000000000000000000F /* KickrFTMSProbeManager.swift */; };
		10000000000000000000000D /* KickrFTMSProbeView.swift in Sources */ = {isa = PBXBuildFile; fileRef = 200000000000000000000010 /* KickrFTMSProbeView.swift */; };
		A00000000000000000000001 /* AppConfiguration.swift in Sources */ = {isa = PBXBuildFile; fileRef = A10000000000000000000001 /* AppConfiguration.swift */; };
		A00000000000000000000002 /* SetupView.swift in Sources */ = {isa = PBXBuildFile; fileRef = A10000000000000000000002 /* SetupView.swift */; };
		A00000000000000000000003 /* VirtualShiftCore in Frameworks */ = {isa = PBXBuildFile; productRef = 900000000000000000000001 /* VirtualShiftCore */; };
		A00000000000000000000004 /* ProductBluetoothTypes.swift in Sources */ = {isa = PBXBuildFile; fileRef = A10000000000000000000004 /* ProductBluetoothTypes.swift */; };
		A00000000000000000000005 /* KickrCentralService.swift in Sources */ = {isa = PBXBuildFile; fileRef = A10000000000000000000005 /* KickrCentralService.swift */; };
		A00000000000000000000006 /* ClickCentralService.swift in Sources */ = {isa = PBXBuildFile; fileRef = A10000000000000000000006 /* ClickCentralService.swift */; };
		A00000000000000000000007 /* FTMSPeripheral.swift in Sources */ = {isa = PBXBuildFile; fileRef = A10000000000000000000007 /* FTMSPeripheral.swift */; };
		A00000000000000000000008 /* ProxyCoordinator.swift in Sources */ = {isa = PBXBuildFile; fileRef = A10000000000000000000008 /* ProxyCoordinator.swift */; };
		A00000000000000000000009 /* Assets.xcassets in Resources */ = {isa = PBXBuildFile; fileRef = A10000000000000000000009 /* Assets.xcassets */; };
		10000000000000000000000E /* Assets.xcassets in Resources */ = {isa = PBXBuildFile; fileRef = 200000000000000000000011 /* Assets.xcassets */; };
/* End PBXBuildFile section */

/* Begin PBXFileReference section */
		200000000000000000000001 /* VirtualShiftApp.swift */ = {isa = PBXFileReference; lastKnownFileType = sourcecode.swift; path = VirtualShiftApp.swift; sourceTree = "<group>"; };
		200000000000000000000002 /* ContentView.swift */ = {isa = PBXFileReference; lastKnownFileType = sourcecode.swift; path = ContentView.swift; sourceTree = "<group>"; };
		200000000000000000000003 /* KickrBluetoothManager.swift */ = {isa = PBXFileReference; lastKnownFileType = sourcecode.swift; path = KickrBluetoothManager.swift; sourceTree = "<group>"; };
		200000000000000000000004 /* Info.plist */ = {isa = PBXFileReference; lastKnownFileType = text.plist.xml; path = Info.plist; sourceTree = "<group>"; };
		200000000000000000000005 /* VirtualShift.app */ = {isa = PBXFileReference; explicitFileType = wrapper.application; includeInIndex = 0; path = VirtualShift.app; sourceTree = BUILT_PRODUCTS_DIR; };
		200000000000000000000006 /* ClickBluetoothManager.swift */ = {isa = PBXFileReference; lastKnownFileType = sourcecode.swift; path = ClickBluetoothManager.swift; sourceTree = "<group>"; };
		200000000000000000000007 /* ClickProofView.swift */ = {isa = PBXFileReference; lastKnownFileType = sourcecode.swift; path = ClickProofView.swift; sourceTree = "<group>"; };
		200000000000000000000008 /* ShiftSoundPlayer.swift */ = {isa = PBXFileReference; lastKnownFileType = sourcecode.swift; path = ShiftSoundPlayer.swift; sourceTree = "<group>"; };
		200000000000000000000009 /* VirtualShiftApp.swift */ = {isa = PBXFileReference; lastKnownFileType = sourcecode.swift; path = VirtualShiftApp.swift; sourceTree = "<group>"; };
		20000000000000000000000A /* VirtualShiftHomeView.swift */ = {isa = PBXFileReference; lastKnownFileType = sourcecode.swift; path = VirtualShiftHomeView.swift; sourceTree = "<group>"; };
		20000000000000000000000B /* Info.plist */ = {isa = PBXFileReference; lastKnownFileType = text.plist.xml; path = Info.plist; sourceTree = "<group>"; };
		20000000000000000000000C /* VirtualShift Hardware Lab.app */ = {isa = PBXFileReference; explicitFileType = wrapper.application; includeInIndex = 0; path = "VirtualShift Hardware Lab.app"; sourceTree = BUILT_PRODUCTS_DIR; };
		20000000000000000000000D /* RideAppProbeManager.swift */ = {isa = PBXFileReference; lastKnownFileType = sourcecode.swift; path = RideAppProbeManager.swift; sourceTree = "<group>"; };
		20000000000000000000000E /* RideAppProbeView.swift */ = {isa = PBXFileReference; lastKnownFileType = sourcecode.swift; path = RideAppProbeView.swift; sourceTree = "<group>"; };
		20000000000000000000000F /* KickrFTMSProbeManager.swift */ = {isa = PBXFileReference; lastKnownFileType = sourcecode.swift; path = KickrFTMSProbeManager.swift; sourceTree = "<group>"; };
		200000000000000000000010 /* KickrFTMSProbeView.swift */ = {isa = PBXFileReference; lastKnownFileType = sourcecode.swift; path = KickrFTMSProbeView.swift; sourceTree = "<group>"; };
		A10000000000000000000001 /* AppConfiguration.swift */ = {isa = PBXFileReference; lastKnownFileType = sourcecode.swift; path = AppConfiguration.swift; sourceTree = "<group>"; };
		A10000000000000000000002 /* SetupView.swift */ = {isa = PBXFileReference; lastKnownFileType = sourcecode.swift; path = SetupView.swift; sourceTree = "<group>"; };
		A10000000000000000000004 /* ProductBluetoothTypes.swift */ = {isa = PBXFileReference; lastKnownFileType = sourcecode.swift; path = ProductBluetoothTypes.swift; sourceTree = "<group>"; };
		A10000000000000000000005 /* KickrCentralService.swift */ = {isa = PBXFileReference; lastKnownFileType = sourcecode.swift; path = KickrCentralService.swift; sourceTree = "<group>"; };
		A10000000000000000000006 /* ClickCentralService.swift */ = {isa = PBXFileReference; lastKnownFileType = sourcecode.swift; path = ClickCentralService.swift; sourceTree = "<group>"; };
		A10000000000000000000007 /* FTMSPeripheral.swift */ = {isa = PBXFileReference; lastKnownFileType = sourcecode.swift; path = FTMSPeripheral.swift; sourceTree = "<group>"; };
		A10000000000000000000008 /* ProxyCoordinator.swift */ = {isa = PBXFileReference; lastKnownFileType = sourcecode.swift; path = ProxyCoordinator.swift; sourceTree = "<group>"; };
		A10000000000000000000009 /* Assets.xcassets */ = {isa = PBXFileReference; lastKnownFileType = folder.assetcatalog; path = Assets.xcassets; sourceTree = "<group>"; };
		200000000000000000000011 /* Assets.xcassets */ = {isa = PBXFileReference; lastKnownFileType = folder.assetcatalog; path = Assets.xcassets; sourceTree = "<group>"; };
/* End PBXFileReference section */

/* Begin PBXFrameworksBuildPhase section */
		300000000000000000000001 /* Frameworks */ = {
			isa = PBXFrameworksBuildPhase;
			buildActionMask = 2147483647;
			files = (
				100000000000000000000004 /* VirtualShiftCore in Frameworks */,
			);
			runOnlyForDeploymentPostprocessing = 0;
		};
		300000000000000000000004 /* Frameworks */ = {
			isa = PBXFrameworksBuildPhase;
			buildActionMask = 2147483647;
			files = (
				A00000000000000000000003 /* VirtualShiftCore in Frameworks */,
			);
			runOnlyForDeploymentPostprocessing = 0;
		};
/* End PBXFrameworksBuildPhase section */

/* Begin PBXGroup section */
		400000000000000000000001 = {
			isa = PBXGroup;
			children = (
				400000000000000000000004 /* VirtualShift */,
				400000000000000000000002 /* VirtualShift Hardware Lab */,
				400000000000000000000003 /* Products */,
			);
			sourceTree = "<group>";
		};
		400000000000000000000002 /* VirtualShift Hardware Lab */ = {
			isa = PBXGroup;
			children = (
				200000000000000000000001 /* VirtualShiftApp.swift */,
				200000000000000000000002 /* ContentView.swift */,
				200000000000000000000003 /* KickrBluetoothManager.swift */,
				200000000000000000000006 /* ClickBluetoothManager.swift */,
				200000000000000000000007 /* ClickProofView.swift */,
				200000000000000000000008 /* ShiftSoundPlayer.swift */,
				20000000000000000000000D /* RideAppProbeManager.swift */,
				20000000000000000000000E /* RideAppProbeView.swift */,
				20000000000000000000000F /* KickrFTMSProbeManager.swift */,
				200000000000000000000010 /* KickrFTMSProbeView.swift */,
				200000000000000000000011 /* Assets.xcassets */,
				200000000000000000000004 /* Info.plist */,
			);
			path = VirtualShift;
			sourceTree = "<group>";
		};
		400000000000000000000004 /* VirtualShift */ = {
			isa = PBXGroup;
			children = (
				200000000000000000000009 /* VirtualShiftApp.swift */,
				20000000000000000000000A /* VirtualShiftHomeView.swift */,
				A10000000000000000000001 /* AppConfiguration.swift */,
				A10000000000000000000002 /* SetupView.swift */,
				A10000000000000000000004 /* ProductBluetoothTypes.swift */,
				A10000000000000000000005 /* KickrCentralService.swift */,
				A10000000000000000000006 /* ClickCentralService.swift */,
				A10000000000000000000007 /* FTMSPeripheral.swift */,
				A10000000000000000000008 /* ProxyCoordinator.swift */,
				A10000000000000000000009 /* Assets.xcassets */,
				20000000000000000000000B /* Info.plist */,
			);
			path = VirtualShiftProduct;
			sourceTree = "<group>";
		};
		400000000000000000000003 /* Products */ = {
			isa = PBXGroup;
			children = (
				200000000000000000000005 /* VirtualShift.app */,
				20000000000000000000000C /* VirtualShift Hardware Lab.app */,
			);
			name = Products;
			sourceTree = "<group>";
		};
/* End PBXGroup section */

/* Begin PBXNativeTarget section */
		500000000000000000000001 /* VirtualShift */ = {
			isa = PBXNativeTarget;
			buildConfigurationList = 800000000000000000000002 /* Build configuration list for PBXNativeTarget "VirtualShift" */;
			buildPhases = (
				300000000000000000000005 /* Sources */,
				300000000000000000000004 /* Frameworks */,
				300000000000000000000006 /* Resources */,
			);
			buildRules = (
			);
			dependencies = (
			);
			name = VirtualShift;
			packageProductDependencies = (
				900000000000000000000001 /* VirtualShiftCore */,
			);
			productName = VirtualShift;
			productReference = 200000000000000000000005 /* VirtualShift.app */;
			productType = "com.apple.product-type.application";
		};
		500000000000000000000002 /* VirtualShift Hardware Lab */ = {
			isa = PBXNativeTarget;
			buildConfigurationList = 800000000000000000000003 /* Build configuration list for PBXNativeTarget "VirtualShift Hardware Lab" */;
			buildPhases = (
				300000000000000000000002 /* Sources */,
				300000000000000000000001 /* Frameworks */,
				300000000000000000000003 /* Resources */,
			);
			buildRules = (
			);
			dependencies = (
			);
			name = "VirtualShift Hardware Lab";
			packageProductDependencies = (
				900000000000000000000001 /* VirtualShiftCore */,
			);
			productName = "VirtualShift Hardware Lab";
			productReference = 20000000000000000000000C /* VirtualShift Hardware Lab.app */;
			productType = "com.apple.product-type.application";
		};
/* End PBXNativeTarget section */

/* Begin PBXProject section */
		600000000000000000000001 /* Project object */ = {
			isa = PBXProject;
			attributes = {
				BuildIndependentTargetsInParallel = 1;
				LastSwiftUpdateCheck = 2640;
				LastUpgradeCheck = 2640;
				TargetAttributes = {
					500000000000000000000001 = {
						CreatedOnToolsVersion = 26.4;
					};
					500000000000000000000002 = {
						CreatedOnToolsVersion = 26.4;
					};
				};
			};
			buildConfigurationList = 800000000000000000000001 /* Build configuration list for PBXProject "VirtualShift" */;
			compatibilityVersion = "Xcode 14.0";
			developmentRegion = en;
			hasScannedForEncodings = 0;
			knownRegions = (
				en,
				Base,
			);
			mainGroup = 400000000000000000000001;
			packageReferences = (
				900000000000000000000002 /* XCLocalSwiftPackageReference "." */,
			);
			productRefGroup = 400000000000000000000003 /* Products */;
			projectDirPath = "";
			projectRoot = "";
			targets = (
				500000000000000000000001 /* VirtualShift */,
				500000000000000000000002 /* VirtualShift Hardware Lab */,
			);
		};
/* End PBXProject section */

/* Begin PBXResourcesBuildPhase section */
		300000000000000000000003 /* Resources */ = {
			isa = PBXResourcesBuildPhase;
			buildActionMask = 2147483647;
			files = (
				10000000000000000000000E /* Assets.xcassets in Resources */,
			);
			runOnlyForDeploymentPostprocessing = 0;
		};
		300000000000000000000006 /* Resources */ = {
			isa = PBXResourcesBuildPhase;
			buildActionMask = 2147483647;
			files = (
				A00000000000000000000009 /* Assets.xcassets in Resources */,
			);
			runOnlyForDeploymentPostprocessing = 0;
		};
/* End PBXResourcesBuildPhase section */

/* Begin PBXSourcesBuildPhase section */
		300000000000000000000002 /* Sources */ = {
			isa = PBXSourcesBuildPhase;
			buildActionMask = 2147483647;
			files = (
				100000000000000000000001 /* VirtualShiftApp.swift in Sources */,
				100000000000000000000002 /* ContentView.swift in Sources */,
				100000000000000000000003 /* KickrBluetoothManager.swift in Sources */,
				100000000000000000000005 /* ClickBluetoothManager.swift in Sources */,
				100000000000000000000006 /* ClickProofView.swift in Sources */,
				100000000000000000000007 /* ShiftSoundPlayer.swift in Sources */,
				10000000000000000000000A /* RideAppProbeManager.swift in Sources */,
				10000000000000000000000B /* RideAppProbeView.swift in Sources */,
				10000000000000000000000C /* KickrFTMSProbeManager.swift in Sources */,
				10000000000000000000000D /* KickrFTMSProbeView.swift in Sources */,
			);
			runOnlyForDeploymentPostprocessing = 0;
		};
		300000000000000000000005 /* Sources */ = {
			isa = PBXSourcesBuildPhase;
			buildActionMask = 2147483647;
			files = (
				100000000000000000000008 /* VirtualShiftApp.swift in Sources */,
				100000000000000000000009 /* VirtualShiftHomeView.swift in Sources */,
				A00000000000000000000001 /* AppConfiguration.swift in Sources */,
				A00000000000000000000002 /* SetupView.swift in Sources */,
				A00000000000000000000004 /* ProductBluetoothTypes.swift in Sources */,
				A00000000000000000000005 /* KickrCentralService.swift in Sources */,
				A00000000000000000000006 /* ClickCentralService.swift in Sources */,
				A00000000000000000000007 /* FTMSPeripheral.swift in Sources */,
				A00000000000000000000008 /* ProxyCoordinator.swift in Sources */,
			);
			runOnlyForDeploymentPostprocessing = 0;
		};
/* End PBXSourcesBuildPhase section */

/* Begin XCBuildConfiguration section */
		700000000000000000000001 /* Debug */ = {
			isa = XCBuildConfiguration;
			buildSettings = {
				ALWAYS_SEARCH_USER_PATHS = NO;
				CLANG_ENABLE_MODULES = YES;
				CLANG_ENABLE_OBJC_ARC = YES;
				CLANG_WARN_DOCUMENTATION_COMMENTS = YES;
				DEBUG_INFORMATION_FORMAT = dwarf;
				ENABLE_TESTABILITY = YES;
				GCC_C_LANGUAGE_STANDARD = gnu17;
				GCC_OPTIMIZATION_LEVEL = 0;
				ONLY_ACTIVE_ARCH = YES;
				SDKROOT = iphoneos;
				SWIFT_ACTIVE_COMPILATION_CONDITIONS = DEBUG;
				SWIFT_OPTIMIZATION_LEVEL = "-Onone";
			};
			name = Debug;
		};
		700000000000000000000002 /* Release */ = {
			isa = XCBuildConfiguration;
			buildSettings = {
				ALWAYS_SEARCH_USER_PATHS = NO;
				CLANG_ENABLE_MODULES = YES;
				CLANG_ENABLE_OBJC_ARC = YES;
				DEBUG_INFORMATION_FORMAT = "dwarf-with-dsym";
				ENABLE_NS_ASSERTIONS = NO;
				GCC_C_LANGUAGE_STANDARD = gnu17;
				SDKROOT = iphoneos;
				SWIFT_COMPILATION_MODE = wholemodule;
				SWIFT_OPTIMIZATION_LEVEL = "-O";
				VALIDATE_PRODUCT = YES;
			};
			name = Release;
		};
		700000000000000000000003 /* Debug */ = {
			isa = XCBuildConfiguration;
			buildSettings = {
				ASSETCATALOG_COMPILER_APPICON_NAME = AppIcon;
				CODE_SIGN_STYLE = Automatic;
				CURRENT_PROJECT_VERSION = 1;
				DEVELOPMENT_TEAM = MNW6SJT4V7;
				GENERATE_INFOPLIST_FILE = NO;
				INFOPLIST_FILE = VirtualShiftProduct/Info.plist;
				IPHONEOS_DEPLOYMENT_TARGET = 26.0;
				LD_RUNPATH_SEARCH_PATHS = (
					"$(inherited)",
					"@executable_path/Frameworks",
				);
				MARKETING_VERSION = 1.0;
				PRODUCT_BUNDLE_IDENTIFIER = com.sbroenne.VirtualShift;
				PRODUCT_NAME = "$(TARGET_NAME)";
				SUPPORTED_PLATFORMS = "iphoneos iphonesimulator";
				SUPPORTS_MACCATALYST = NO;
				SWIFT_EMIT_LOC_STRINGS = YES;
				SWIFT_VERSION = 5.0;
				TARGETED_DEVICE_FAMILY = 1;
			};
			name = Debug;
		};
		700000000000000000000004 /* Release */ = {
			isa = XCBuildConfiguration;
			buildSettings = {
				ASSETCATALOG_COMPILER_APPICON_NAME = AppIcon;
				CODE_SIGN_STYLE = Automatic;
				CURRENT_PROJECT_VERSION = 1;
				DEVELOPMENT_TEAM = MNW6SJT4V7;
				GENERATE_INFOPLIST_FILE = NO;
				INFOPLIST_FILE = VirtualShiftProduct/Info.plist;
				IPHONEOS_DEPLOYMENT_TARGET = 26.0;
				LD_RUNPATH_SEARCH_PATHS = (
					"$(inherited)",
					"@executable_path/Frameworks",
				);
				MARKETING_VERSION = 1.0;
				PRODUCT_BUNDLE_IDENTIFIER = com.sbroenne.VirtualShift;
				PRODUCT_NAME = "$(TARGET_NAME)";
				SUPPORTED_PLATFORMS = "iphoneos iphonesimulator";
				SUPPORTS_MACCATALYST = NO;
				SWIFT_EMIT_LOC_STRINGS = YES;
				SWIFT_VERSION = 5.0;
				TARGETED_DEVICE_FAMILY = 1;
			};
			name = Release;
		};
		700000000000000000000005 /* Debug */ = {
			isa = XCBuildConfiguration;
			buildSettings = {
				ASSETCATALOG_COMPILER_APPICON_NAME = AppIcon;
				CODE_SIGN_STYLE = Automatic;
				CURRENT_PROJECT_VERSION = 1;
				DEVELOPMENT_TEAM = MNW6SJT4V7;
				GENERATE_INFOPLIST_FILE = NO;
				INFOPLIST_FILE = VirtualShift/Info.plist;
				IPHONEOS_DEPLOYMENT_TARGET = 17.0;
				LD_RUNPATH_SEARCH_PATHS = (
					"$(inherited)",
					"@executable_path/Frameworks",
				);
				MARKETING_VERSION = 1.0;
				PRODUCT_BUNDLE_IDENTIFIER = com.sbroenne.VirtualShift.HardwareLab;
				PRODUCT_NAME = "$(TARGET_NAME)";
				SUPPORTED_PLATFORMS = "iphoneos iphonesimulator";
				SUPPORTS_MACCATALYST = NO;
				SWIFT_EMIT_LOC_STRINGS = YES;
				SWIFT_VERSION = 5.0;
				TARGETED_DEVICE_FAMILY = 1;
			};
			name = Debug;
		};
		700000000000000000000006 /* Release */ = {
			isa = XCBuildConfiguration;
			buildSettings = {
				ASSETCATALOG_COMPILER_APPICON_NAME = AppIcon;
				CODE_SIGN_STYLE = Automatic;
				CURRENT_PROJECT_VERSION = 1;
				DEVELOPMENT_TEAM = MNW6SJT4V7;
				GENERATE_INFOPLIST_FILE = NO;
				INFOPLIST_FILE = VirtualShift/Info.plist;
				IPHONEOS_DEPLOYMENT_TARGET = 17.0;
				LD_RUNPATH_SEARCH_PATHS = (
					"$(inherited)",
					"@executable_path/Frameworks",
				);
				MARKETING_VERSION = 1.0;
				PRODUCT_BUNDLE_IDENTIFIER = com.sbroenne.VirtualShift.HardwareLab;
				PRODUCT_NAME = "$(TARGET_NAME)";
				SUPPORTED_PLATFORMS = "iphoneos iphonesimulator";
				SUPPORTS_MACCATALYST = NO;
				SWIFT_EMIT_LOC_STRINGS = YES;
				SWIFT_VERSION = 5.0;
				TARGETED_DEVICE_FAMILY = 1;
			};
			name = Release;
		};
/* End XCBuildConfiguration section */

/* Begin XCConfigurationList section */
		800000000000000000000001 /* Build configuration list for PBXProject "VirtualShift" */ = {
			isa = XCConfigurationList;
			buildConfigurations = (
				700000000000000000000001 /* Debug */,
				700000000000000000000002 /* Release */,
			);
			defaultConfigurationIsVisible = 0;
			defaultConfigurationName = Release;
		};
		800000000000000000000002 /* Build configuration list for PBXNativeTarget "VirtualShift" */ = {
			isa = XCConfigurationList;
			buildConfigurations = (
				700000000000000000000003 /* Debug */,
				700000000000000000000004 /* Release */,
			);
			defaultConfigurationIsVisible = 0;
			defaultConfigurationName = Release;
		};
		800000000000000000000003 /* Build configuration list for PBXNativeTarget "VirtualShift Hardware Lab" */ = {
			isa = XCConfigurationList;
			buildConfigurations = (
				700000000000000000000005 /* Debug */,
				700000000000000000000006 /* Release */,
			);
			defaultConfigurationIsVisible = 0;
			defaultConfigurationName = Release;
		};
/* End XCConfigurationList section */

/* Begin XCLocalSwiftPackageReference section */
		900000000000000000000002 /* XCLocalSwiftPackageReference "." */ = {
			isa = XCLocalSwiftPackageReference;
			relativePath = .;
		};
/* End XCLocalSwiftPackageReference section */

/* Begin XCSwiftPackageProductDependency section */
		900000000000000000000001 /* VirtualShiftCore */ = {
			isa = XCSwiftPackageProductDependency;
			package = 900000000000000000000002 /* XCLocalSwiftPackageReference "." */;
			productName = VirtualShiftCore;
		};
/* End XCSwiftPackageProductDependency section */
	};
	rootObject = 600000000000000000000001 /* Project object */;
}
