// !$*UTF8*$!
{
	archiveVersion = 1;
	classes = {
	};
	objectVersion = 60;
	objects = {

/* Begin PBXBuildFile section */
		100000000000000000000008 /* VirtualGearsApp.swift in Sources */ = {isa = PBXBuildFile; fileRef = 200000000000000000000009 /* VirtualGearsApp.swift */; };
		100000000000000000000009 /* VirtualGearsHomeView.swift in Sources */ = {isa = PBXBuildFile; fileRef = 20000000000000000000000A /* VirtualGearsHomeView.swift */; };
		A00000000000000000000001 /* AppConfiguration.swift in Sources */ = {isa = PBXBuildFile; fileRef = A10000000000000000000001 /* AppConfiguration.swift */; };
		A00000000000000000000002 /* SetupView.swift in Sources */ = {isa = PBXBuildFile; fileRef = A10000000000000000000002 /* SetupView.swift */; };
		A00000000000000000000003 /* VirtualGearsCore in Frameworks */ = {isa = PBXBuildFile; productRef = 900000000000000000000001 /* VirtualGearsCore */; };
		A00000000000000000000004 /* RideHardwareConformances.swift in Sources */ = {isa = PBXBuildFile; fileRef = A10000000000000000000004 /* RideHardwareConformances.swift */; };
		A00000000000000000000005 /* KickrCentralService.swift in Sources */ = {isa = PBXBuildFile; fileRef = A10000000000000000000005 /* KickrCentralService.swift */; };
		A00000000000000000000006 /* ClickCentralService.swift in Sources */ = {isa = PBXBuildFile; fileRef = A10000000000000000000006 /* ClickCentralService.swift */; };
		A00000000000000000000007 /* FTMSPeripheral.swift in Sources */ = {isa = PBXBuildFile; fileRef = A10000000000000000000007 /* FTMSPeripheral.swift */; };
		A00000000000000000000009 /* Assets.xcassets in Resources */ = {isa = PBXBuildFile; fileRef = A10000000000000000000009 /* Assets.xcassets */; };
		A0000000000000000000000B /* PrivacyInfo.xcprivacy in Resources */ = {isa = PBXBuildFile; fileRef = A1000000000000000000000B /* PrivacyInfo.xcprivacy */; };
		A0000000000000000000000C /* HeadwindCentralService.swift in Sources */ = {isa = PBXBuildFile; fileRef = A1000000000000000000000C /* HeadwindCentralService.swift */; };
/* End PBXBuildFile section */

/* Begin PBXFileReference section */
		200000000000000000000005 /* VirtualGears.app */ = {isa = PBXFileReference; explicitFileType = wrapper.application; includeInIndex = 0; path = VirtualGears.app; sourceTree = BUILT_PRODUCTS_DIR; };
		200000000000000000000009 /* VirtualGearsApp.swift */ = {isa = PBXFileReference; lastKnownFileType = sourcecode.swift; path = VirtualGearsApp.swift; sourceTree = "<group>"; };
		20000000000000000000000A /* VirtualGearsHomeView.swift */ = {isa = PBXFileReference; lastKnownFileType = sourcecode.swift; path = VirtualGearsHomeView.swift; sourceTree = "<group>"; };
		20000000000000000000000B /* Info.plist */ = {isa = PBXFileReference; lastKnownFileType = text.plist.xml; path = Info.plist; sourceTree = "<group>"; };
		A10000000000000000000001 /* AppConfiguration.swift */ = {isa = PBXFileReference; lastKnownFileType = sourcecode.swift; path = AppConfiguration.swift; sourceTree = "<group>"; };
		A10000000000000000000002 /* SetupView.swift */ = {isa = PBXFileReference; lastKnownFileType = sourcecode.swift; path = SetupView.swift; sourceTree = "<group>"; };
		A1000000000000000000000B /* PrivacyInfo.xcprivacy */ = {isa = PBXFileReference; lastKnownFileType = text.plist.xml; path = PrivacyInfo.xcprivacy; sourceTree = "<group>"; };
		A10000000000000000000004 /* RideHardwareConformances.swift */ = {isa = PBXFileReference; lastKnownFileType = sourcecode.swift; path = RideHardwareConformances.swift; sourceTree = "<group>"; };
		A10000000000000000000005 /* KickrCentralService.swift */ = {isa = PBXFileReference; lastKnownFileType = sourcecode.swift; path = KickrCentralService.swift; sourceTree = "<group>"; };
		A10000000000000000000006 /* ClickCentralService.swift */ = {isa = PBXFileReference; lastKnownFileType = sourcecode.swift; path = ClickCentralService.swift; sourceTree = "<group>"; };
		A10000000000000000000007 /* FTMSPeripheral.swift */ = {isa = PBXFileReference; lastKnownFileType = sourcecode.swift; path = FTMSPeripheral.swift; sourceTree = "<group>"; };
		A10000000000000000000009 /* Assets.xcassets */ = {isa = PBXFileReference; lastKnownFileType = folder.assetcatalog; path = Assets.xcassets; sourceTree = "<group>"; };
		A1000000000000000000000C /* HeadwindCentralService.swift */ = {isa = PBXFileReference; lastKnownFileType = sourcecode.swift; path = HeadwindCentralService.swift; sourceTree = "<group>"; };
/* End PBXFileReference section */

/* Begin PBXFrameworksBuildPhase section */
		300000000000000000000004 /* Frameworks */ = {
			isa = PBXFrameworksBuildPhase;
			buildActionMask = 2147483647;
			files = (
				A00000000000000000000003 /* VirtualGearsCore in Frameworks */,
			);
			runOnlyForDeploymentPostprocessing = 0;
		};
/* End PBXFrameworksBuildPhase section */

/* Begin PBXGroup section */
		400000000000000000000001 = {
			isa = PBXGroup;
			children = (
				400000000000000000000004 /* VirtualGears */,
				400000000000000000000003 /* Products */,
			);
			sourceTree = "<group>";
		};
		400000000000000000000004 /* VirtualGears */ = {
			isa = PBXGroup;
			children = (
				200000000000000000000009 /* VirtualGearsApp.swift */,
				20000000000000000000000A /* VirtualGearsHomeView.swift */,
				A10000000000000000000001 /* AppConfiguration.swift */,
				A10000000000000000000002 /* SetupView.swift */,
				A1000000000000000000000B /* PrivacyInfo.xcprivacy */,
				A10000000000000000000004 /* RideHardwareConformances.swift */,
				A10000000000000000000005 /* KickrCentralService.swift */,
				A10000000000000000000006 /* ClickCentralService.swift */,
				A10000000000000000000007 /* FTMSPeripheral.swift */,
				A1000000000000000000000C /* HeadwindCentralService.swift */,
				A10000000000000000000009 /* Assets.xcassets */,
				20000000000000000000000B /* Info.plist */,
			);
			path = VirtualGearsProduct;
			sourceTree = "<group>";
		};
		400000000000000000000003 /* Products */ = {
			isa = PBXGroup;
			children = (
				200000000000000000000005 /* VirtualGears.app */,
			);
			name = Products;
			sourceTree = "<group>";
		};
/* End PBXGroup section */

/* Begin PBXNativeTarget section */
		500000000000000000000001 /* VirtualGears */ = {
			isa = PBXNativeTarget;
			buildConfigurationList = 800000000000000000000002 /* Build configuration list for PBXNativeTarget "VirtualGears" */;
			buildPhases = (
				300000000000000000000005 /* Sources */,
				300000000000000000000004 /* Frameworks */,
				300000000000000000000006 /* Resources */,
			);
			buildRules = (
			);
			dependencies = (
			);
			name = VirtualGears;
			packageProductDependencies = (
				900000000000000000000001 /* VirtualGearsCore */,
			);
			productName = VirtualGears;
			productReference = 200000000000000000000005 /* VirtualGears.app */;
			productType = "com.apple.product-type.application";
		};
/* End PBXNativeTarget section */

/* Begin PBXProject section */
		600000000000000000000001 /* Project object */ = {
			isa = PBXProject;
			attributes = {
				BuildIndependentTargetsInParallel = 1;
				LastSwiftUpdateCheck = 2640;
				LastUpgradeCheck = 2640;
				TargetAttributes = {
					500000000000000000000001 = {
						CreatedOnToolsVersion = 26.4;
					};
				};
			};
			buildConfigurationList = 800000000000000000000001 /* Build configuration list for PBXProject "VirtualGears" */;
			compatibilityVersion = "Xcode 14.0";
			developmentRegion = en;
			hasScannedForEncodings = 0;
			knownRegions = (
				en,
				Base,
			);
			mainGroup = 400000000000000000000001;
			packageReferences = (
				900000000000000000000002 /* XCLocalSwiftPackageReference "." */,
			);
			productRefGroup = 400000000000000000000003 /* Products */;
			projectDirPath = "";
			projectRoot = "";
			targets = (
				500000000000000000000001 /* VirtualGears */,
			);
		};
/* End PBXProject section */

/* Begin PBXResourcesBuildPhase section */
		300000000000000000000006 /* Resources */ = {
			isa = PBXResourcesBuildPhase;
			buildActionMask = 2147483647;
			files = (
				A00000000000000000000009 /* Assets.xcassets in Resources */,
				A0000000000000000000000B /* PrivacyInfo.xcprivacy in Resources */,
			);
			runOnlyForDeploymentPostprocessing = 0;
		};
/* End PBXResourcesBuildPhase section */

/* Begin PBXSourcesBuildPhase section */
		300000000000000000000005 /* Sources */ = {
			isa = PBXSourcesBuildPhase;
			buildActionMask = 2147483647;
			files = (
				100000000000000000000008 /* VirtualGearsApp.swift in Sources */,
				100000000000000000000009 /* VirtualGearsHomeView.swift in Sources */,
				A00000000000000000000001 /* AppConfiguration.swift in Sources */,
				A00000000000000000000002 /* SetupView.swift in Sources */,
				A00000000000000000000004 /* RideHardwareConformances.swift in Sources */,
				A00000000000000000000005 /* KickrCentralService.swift in Sources */,
				A00000000000000000000006 /* ClickCentralService.swift in Sources */,
				A00000000000000000000007 /* FTMSPeripheral.swift in Sources */,
				A0000000000000000000000C /* HeadwindCentralService.swift in Sources */,
			);
			runOnlyForDeploymentPostprocessing = 0;
		};
/* End PBXSourcesBuildPhase section */

/* Begin XCBuildConfiguration section */
		700000000000000000000001 /* Debug */ = {
			isa = XCBuildConfiguration;
			buildSettings = {
				ALWAYS_SEARCH_USER_PATHS = NO;
				CLANG_ENABLE_MODULES = YES;
				CLANG_ENABLE_OBJC_ARC = YES;
				CLANG_WARN_DOCUMENTATION_COMMENTS = YES;
				DEBUG_INFORMATION_FORMAT = dwarf;
				ENABLE_TESTABILITY = YES;
				GCC_C_LANGUAGE_STANDARD = gnu17;
				GCC_OPTIMIZATION_LEVEL = 0;
				ONLY_ACTIVE_ARCH = YES;
				SDKROOT = iphoneos;
				SWIFT_ACTIVE_COMPILATION_CONDITIONS = DEBUG;
				SWIFT_OPTIMIZATION_LEVEL = "-Onone";
			};
			name = Debug;
		};
		700000000000000000000002 /* Release */ = {
			isa = XCBuildConfiguration;
			buildSettings = {
				ALWAYS_SEARCH_USER_PATHS = NO;
				CLANG_ENABLE_MODULES = YES;
				CLANG_ENABLE_OBJC_ARC = YES;
				DEBUG_INFORMATION_FORMAT = "dwarf-with-dsym";
				ENABLE_NS_ASSERTIONS = NO;
				GCC_C_LANGUAGE_STANDARD = gnu17;
				SDKROOT = iphoneos;
				SWIFT_COMPILATION_MODE = wholemodule;
				SWIFT_OPTIMIZATION_LEVEL = "-O";
				VALIDATE_PRODUCT = YES;
			};
			name = Release;
		};
		700000000000000000000003 /* Debug */ = {
			isa = XCBuildConfiguration;
			buildSettings = {
				ASSETCATALOG_COMPILER_APPICON_NAME = AppIcon;
				CODE_SIGN_STYLE = Automatic;
				CURRENT_PROJECT_VERSION = 3;
				DEVELOPMENT_TEAM = MNW6SJT4V7;
				GENERATE_INFOPLIST_FILE = NO;
				INFOPLIST_FILE = VirtualGearsProduct/Info.plist;
				IPHONEOS_DEPLOYMENT_TARGET = 17.0;
				LD_RUNPATH_SEARCH_PATHS = (
					"$(inherited)",
					"@executable_path/Frameworks",
				);
				MARKETING_VERSION = 1.0;
				PRODUCT_BUNDLE_IDENTIFIER = com.sbroenne.VirtualGears;
				PRODUCT_NAME = "$(TARGET_NAME)";
				SUPPORTED_PLATFORMS = "iphoneos iphonesimulator";
				SUPPORTS_MACCATALYST = NO;
				SWIFT_EMIT_LOC_STRINGS = YES;
				SWIFT_VERSION = 6.0;
				TARGETED_DEVICE_FAMILY = 1;
			};
			name = Debug;
		};
		700000000000000000000004 /* Release */ = {
			isa = XCBuildConfiguration;
			buildSettings = {
				ASSETCATALOG_COMPILER_APPICON_NAME = AppIcon;
				CODE_SIGN_STYLE = Automatic;
				CURRENT_PROJECT_VERSION = 3;
				DEVELOPMENT_TEAM = MNW6SJT4V7;
				GENERATE_INFOPLIST_FILE = NO;
				INFOPLIST_FILE = VirtualGearsProduct/Info.plist;
				IPHONEOS_DEPLOYMENT_TARGET = 17.0;
				LD_RUNPATH_SEARCH_PATHS = (
					"$(inherited)",
					"@executable_path/Frameworks",
				);
				MARKETING_VERSION = 1.0;
				PRODUCT_BUNDLE_IDENTIFIER = com.sbroenne.VirtualGears;
				PRODUCT_NAME = "$(TARGET_NAME)";
				SUPPORTED_PLATFORMS = "iphoneos iphonesimulator";
				SUPPORTS_MACCATALYST = NO;
				SWIFT_EMIT_LOC_STRINGS = YES;
				SWIFT_VERSION = 6.0;
				TARGETED_DEVICE_FAMILY = 1;
			};
			name = Release;
		};
/* End XCBuildConfiguration section */

/* Begin XCConfigurationList section */
		800000000000000000000001 /* Build configuration list for PBXProject "VirtualGears" */ = {
			isa = XCConfigurationList;
			buildConfigurations = (
				700000000000000000000001 /* Debug */,
				700000000000000000000002 /* Release */,
			);
			defaultConfigurationIsVisible = 0;
			defaultConfigurationName = Release;
		};
		800000000000000000000002 /* Build configuration list for PBXNativeTarget "VirtualGears" */ = {
			isa = XCConfigurationList;
			buildConfigurations = (
				700000000000000000000003 /* Debug */,
				700000000000000000000004 /* Release */,
			);
			defaultConfigurationIsVisible = 0;
			defaultConfigurationName = Release;
		};
/* End XCConfigurationList section */

/* Begin XCLocalSwiftPackageReference section */
		900000000000000000000002 /* XCLocalSwiftPackageReference "." */ = {
			isa = XCLocalSwiftPackageReference;
			relativePath = .;
		};
/* End XCLocalSwiftPackageReference section */

/* Begin XCSwiftPackageProductDependency section */
		900000000000000000000001 /* VirtualGearsCore */ = {
			isa = XCSwiftPackageProductDependency;
			package = 900000000000000000000002 /* XCLocalSwiftPackageReference "." */;
			productName = VirtualGearsCore;
		};
/* End XCSwiftPackageProductDependency section */
	};
	rootObject = 600000000000000000000001 /* Project object */;
}
